#MicroXplorer Configuration settings - do not modify
ADC.Channel-1\#ChannelRegularConversion=ADC_CHANNEL_9
ADC.IPParameters=Rank-1\#ChannelRegularConversion,Channel-1\#ChannelRegularConversion,SamplingTime-1\#ChannelRegularConversion,NbrOfConversionFlag
ADC.NbrOfConversionFlag=1
ADC.Rank-1\#ChannelRegularConversion=1
ADC.SamplingTime-1\#ChannelRegularConversion=ADC_SAMPLETIME_4CYCLES
CAD.formats=
CAD.pinconfig=
CAD.provider=
Dma.ADC.0.Direction=DMA_PERIPH_TO_MEMORY
Dma.ADC.0.Instance=DMA1_Channel1
Dma.ADC.0.MemDataAlignment=DMA_MDATAALIGN_WORD
Dma.ADC.0.MemInc=DMA_MINC_ENABLE
Dma.ADC.0.Mode=DMA_CIRCULAR
Dma.ADC.0.PeriphDataAlignment=DMA_PDATAALIGN_WORD
Dma.ADC.0.PeriphInc=DMA_PINC_DISABLE
Dma.ADC.0.Priority=DMA_PRIORITY_HIGH
Dma.ADC.0.RequestParameters=Instance,Direction,PeriphInc,MemInc,PeriphDataAlignment,MemDataAlignment,Mode,Priority
Dma.Request0=ADC
Dma.RequestsNb=1
File.Version=6
GPIO.groupedBy=Group By Peripherals
KeepUserPlacement=false
Mcu.CPN=STM32L151CBT6A
Mcu.Family=STM32L1
Mcu.IP0=ADC
Mcu.IP1=DMA
Mcu.IP2=IWDG
Mcu.IP3=NVIC
Mcu.IP4=RCC
Mcu.IP5=RTC
Mcu.IP6=SPI1
Mcu.IP7=SPI2
Mcu.IP8=SYS
Mcu.IP9=USART2
Mcu.IPNb=10
Mcu.Name=STM32L151C(6-8-B)TxA
Mcu.Package=LQFP48
Mcu.Pin0=PC14-OSC32_IN
Mcu.Pin1=PC15-OSC32_OUT
Mcu.Pin10=PB15
Mcu.Pin11=VP_IWDG_VS_IWDG
Mcu.Pin12=VP_RTC_VS_RTC_Activate
Mcu.Pin13=VP_RTC_VS_RTC_Calendar
Mcu.Pin14=VP_RTC_VS_RTC_WakeUp_intern
Mcu.Pin15=VP_RTC_VS_RTC_Alarm_A_Intern
Mcu.Pin16=VP_SYS_VS_Systick
Mcu.Pin2=PA2
Mcu.Pin3=PA3
Mcu.Pin4=PA5
Mcu.Pin5=PA6
Mcu.Pin6=PA7
Mcu.Pin7=PB1
Mcu.Pin8=PB13
Mcu.Pin9=PB14
Mcu.PinsNb=17
Mcu.ThirdPartyNb=0
Mcu.UserConstants=
Mcu.UserName=STM32L151CBTxA
MxCube.Version=6.8.1
MxDb.Version=DB.6.0.81
NVIC.ADC1_IRQn=true\:0\:0\:false\:false\:true\:true\:true\:true
NVIC.BusFault_IRQn=true\:0\:0\:false\:false\:true\:false\:false\:false
NVIC.DMA1_Channel1_IRQn=true\:0\:0\:false\:false\:true\:false\:true\:true
NVIC.DebugMonitor_IRQn=true\:0\:0\:false\:false\:true\:false\:false\:false
NVIC.FLASH_IRQn=true\:0\:0\:false\:false\:true\:true\:true\:true
NVIC.ForceEnableDMAVector=true
NVIC.HardFault_IRQn=true\:0\:0\:false\:false\:true\:false\:false\:false
NVIC.MemoryManagement_IRQn=true\:0\:0\:false\:false\:true\:false\:false\:false
NVIC.NonMaskableInt_IRQn=true\:0\:0\:false\:false\:true\:false\:false\:false
NVIC.PendSV_IRQn=true\:0\:0\:false\:false\:true\:false\:false\:false
NVIC.PriorityGroup=NVIC_PRIORITYGROUP_4
NVIC.RCC_IRQn=true\:0\:0\:false\:false\:true\:true\:false\:true
NVIC.SVC_IRQn=true\:0\:0\:false\:false\:true\:false\:false\:true
NVIC.SysTick_IRQn=true\:15\:0\:false\:false\:true\:false\:true\:false
NVIC.UsageFault_IRQn=true\:0\:0\:false\:false\:true\:false\:false\:false
PA2.Mode=Asynchronous
PA2.Signal=USART2_TX
PA3.Mode=Asynchronous
PA3.Signal=USART2_RX
PA5.Mode=Full_Duplex_Master
PA5.Signal=SPI1_SCK
PA6.Mode=Full_Duplex_Master
PA6.Signal=SPI1_MISO
PA7.Mode=Full_Duplex_Master
PA7.Signal=SPI1_MOSI
PB1.Mode=IN9
PB1.Signal=ADC_IN9
PB13.Mode=Full_Duplex_Master
PB13.Signal=SPI2_SCK
PB14.Mode=Full_Duplex_Master
PB14.Signal=SPI2_MISO
PB15.Mode=Full_Duplex_Master
PB15.Signal=SPI2_MOSI
PC14-OSC32_IN.Mode=LSE-External-Oscillator
PC14-OSC32_IN.Signal=RCC_OSC32_IN
PC15-OSC32_OUT.Mode=LSE-External-Oscillator
PC15-OSC32_OUT.Signal=RCC_OSC32_OUT
PinOutPanel.RotationAngle=0
ProjectManager.AskForMigrate=true
ProjectManager.BackupPrevious=false
ProjectManager.CompilerOptimize=6
ProjectManager.ComputerToolchain=false
ProjectManager.CoupleFile=false
ProjectManager.CustomerFirmwarePackage=
ProjectManager.DefaultFWLocation=true
ProjectManager.DeletePrevious=true
ProjectManager.DeviceId=STM32L151CBTxA
ProjectManager.FirmwarePackage=STM32Cube FW_L1 V1.10.4
ProjectManager.FreePins=false
ProjectManager.HalAssertFull=false
ProjectManager.HeapSize=0x200
ProjectManager.KeepUserCode=true
ProjectManager.LastFirmware=true
ProjectManager.LibraryCopy=1
ProjectManager.MainLocation=Src
ProjectManager.NoMain=false
ProjectManager.PreviousToolchain=
ProjectManager.ProjectBuild=false
ProjectManager.ProjectFileName=cubemx.ioc
ProjectManager.ProjectName=cubemx
ProjectManager.ProjectStructure=
ProjectManager.RegisterCallBack=
ProjectManager.StackSize=0x400
ProjectManager.TargetToolchain=EWARM V8.32
ProjectManager.ToolChainLocation=
ProjectManager.UnderRoot=false
ProjectManager.functionlistsort=1-SystemClock_Config-RCC-false-HAL-false,2-MX_GPIO_Init-GPIO-false-HAL-true,3-MX_DMA_Init-DMA-false-HAL-true,4-MX_USART2_UART_Init-USART2-false-HAL-true,5-MX_ADC_Init-ADC-false-HAL-true,6-MX_RTC_Init-RTC-false-HAL-true,7-MX_SPI1_Init-SPI1-false-HAL-true,8-MX_SPI2_Init-SPI2-false-HAL-true,9-MX_IWDG_Init-IWDG-false-HAL-true
RCC.48MHZClocksFreq_Value=32000000
RCC.AHBFreq_Value=32000000
RCC.APB1Freq_Value=32000000
RCC.APB1TimFreq_Value=32000000
RCC.APB2Freq_Value=32000000
RCC.APB2TimFreq_Value=32000000
RCC.DATA_CACHE_ENABLE=1
RCC.FCLKCortexFreq_Value=32000000
RCC.FamilyName=M
RCC.HCLKFreq_Value=32000000
RCC.HSE_VALUE=24000000
RCC.HSI_VALUE=16000000
RCC.INSTRUCTION_CACHE_ENABLE=1
RCC.IPParameters=48MHZClocksFreq_Value,AHBFreq_Value,APB1Freq_Value,APB1TimFreq_Value,APB2Freq_Value,APB2TimFreq_Value,DATA_CACHE_ENABLE,FCLKCortexFreq_Value,FamilyName,HCLKFreq_Value,HSE_VALUE,HSI_VALUE,INSTRUCTION_CACHE_ENABLE,LSI_VALUE,MCOPinFreq_Value,MSI_VALUE,PLLCLKFreq_Value,PLLMUL,PREFETCH_ENABLE,PWRFreq_Value,RTCClockSelectionVirtual,RTCFreq_Value,RTCHSEDivFreq_Value,SYSCLKFreq_VALUE,SYSCLKSource,TIMFreq_Value,TimerFreq_Value,VCOOutputFreq_Value
RCC.LSI_VALUE=37000
RCC.MCOPinFreq_Value=32000000
RCC.MSI_VALUE=2097000
RCC.PLLCLKFreq_Value=32000000
RCC.PLLMUL=RCC_PLL_MUL4
RCC.PREFETCH_ENABLE=1
RCC.PWRFreq_Value=32000000
RCC.RTCClockSelectionVirtual=RCC_RTCCLKSOURCE_LSE
RCC.RTCFreq_Value=32768
RCC.RTCHSEDivFreq_Value=12000000
RCC.SYSCLKFreq_VALUE=32000000
RCC.SYSCLKSource=RCC_SYSCLKSOURCE_PLLCLK
RCC.TIMFreq_Value=32000000
RCC.TimerFreq_Value=32000000
RCC.VCOOutputFreq_Value=64000000
RTC.Alarm-Alarm\ A=RTC_ALARM_A
RTC.IPParameters=Alarm-Alarm A
SPI1.CalculateBaudRate=16.0 MBits/s
SPI1.Direction=SPI_DIRECTION_2LINES
SPI1.IPParameters=VirtualType,Mode,Direction,CalculateBaudRate
SPI1.Mode=SPI_MODE_MASTER
SPI1.VirtualType=VM_MASTER
SPI2.CalculateBaudRate=16.0 MBits/s
SPI2.Direction=SPI_DIRECTION_2LINES
SPI2.IPParameters=VirtualType,Mode,Direction,CalculateBaudRate
SPI2.Mode=SPI_MODE_MASTER
SPI2.VirtualType=VM_MASTER
USART2.IPParameters=VirtualMode
USART2.VirtualMode=VM_ASYNC
VP_IWDG_VS_IWDG.Mode=IWDG_Activate
VP_IWDG_VS_IWDG.Signal=IWDG_VS_IWDG
VP_RTC_VS_RTC_Activate.Mode=RTC_Enabled
VP_RTC_VS_RTC_Activate.Signal=RTC_VS_RTC_Activate
VP_RTC_VS_RTC_Alarm_A_Intern.Mode=Alarm A
VP_RTC_VS_RTC_Alarm_A_Intern.Signal=RTC_VS_RTC_Alarm_A_Intern
VP_RTC_VS_RTC_Calendar.Mode=RTC_Calendar
VP_RTC_VS_RTC_Calendar.Signal=RTC_VS_RTC_Calendar
VP_RTC_VS_RTC_WakeUp_intern.Mode=WakeUp
VP_RTC_VS_RTC_WakeUp_intern.Signal=RTC_VS_RTC_WakeUp_intern
VP_SYS_VS_Systick.Mode=SysTick
VP_SYS_VS_Systick.Signal=SYS_VS_Systick
board=custom
